<?xml version="1.0" encoding="utf-8"?>
<Project ToolsVersion="4.0" xmlns="http://schemas.microsoft.com/developer/msbuild/2003">
  <ItemGroup>
    <Filter Include="Fichiers sources">
      <UniqueIdentifier>{4FC737F1-C7A5-4376-A066-2A32D752A2FF}</UniqueIdentifier>
      <Extensions>cpp;c;cc;cxx;c++;cppm;ixx;def;odl;idl;hpj;bat;asm;asmx</Extensions>
    </Filter>
    <Filter Include="Fichiers d%27en-tête">
      <UniqueIdentifier>{93995380-89BD-4b04-88EB-625FBE52EBFB}</UniqueIdentifier>
      <Extensions>h;hh;hpp;hxx;h++;hm;inl;inc;ipp;xsd</Extensions>
    </Filter>
    <Filter Include="Fichiers de ressources">
      <UniqueIdentifier>{67DA6AB6-F800-4c08-8B7A-83BB121AAD01}</UniqueIdentifier>
      <Extensions>rc;ico;cur;bmp;dlg;rc2;rct;bin;rgs;gif;jpg;jpeg;jpe;resx;tiff;tif;png;wav;mfcribbon-ms</Extensions>
    </Filter>
    <Filter Include="Fichiers d%27en-tête\Engine">
      <UniqueIdentifier>{ef7d7bbb-b70e-49ed-a7d3-7a0d404b5451}</UniqueIdentifier>
    </Filter>
    <Filter Include="Fichiers sources\Engine">
      <UniqueIdentifier>{5461db00-9de8-46c3-a0d9-6363ed1ec308}</UniqueIdentifier>
    </Filter>
    <Filter Include="Fichiers sources\Engine\InputDevices">
      <UniqueIdentifier>{2c986832-6f28-4f43-bd9d-dc55a5dca270}</UniqueIdentifier>
    </Filter>
    <Filter Include="Fichiers sources\DataManagementLayer">
      <UniqueIdentifier>{8cf0d168-5595-4cdd-a2a5-fce23fd5c123}</UniqueIdentifier>
    </Filter>
    <Filter Include="Fichiers sources\DataManagementLayer\imgui">
      <UniqueIdentifier>{0b6e2507-a3fe-4c0a-af5c-95c254ffc673}</UniqueIdentifier>
    </Filter>
    <Filter Include="Fichiers d%27en-tête\DataManagementLayer">
      <UniqueIdentifier>{e1d9577e-b101-47fd-a999-b5cb78e324f5}</UniqueIdentifier>
    </Filter>
    <Filter Include="Fichiers d%27en-tête\DataManagementLayer\imgui">
      <UniqueIdentifier>{9dca0a77-f195-4665-8da1-6c3192f928db}</UniqueIdentifier>
    </Filter>
    <Filter Include="Fichiers d%27en-tête\InitializeManagement">
      <UniqueIdentifier>{6c1d7051-f1d9-4292-913b-03cf66dc2082}</UniqueIdentifier>
    </Filter>
    <Filter Include="Fichiers sources\InitializeManagement">
      <UniqueIdentifier>{2e8d369c-959c-489d-aedb-eb6f57c08ca7}</UniqueIdentifier>
    </Filter>
    <Filter Include="Fichiers d%27en-tête\Engine\AudioEngine">
      <UniqueIdentifier>{21c34750-c321-435c-9144-83ed539f1fe2}</UniqueIdentifier>
    </Filter>
    <Filter Include="Fichiers d%27en-tête\Engine\GUI">
      <UniqueIdentifier>{a8c96a19-5822-40f7-bc3e-7fbebbd68e7c}</UniqueIdentifier>
    </Filter>
    <Filter Include="Fichiers d%27en-tête\Engine\RenderingEngine">
      <UniqueIdentifier>{6ed3807b-034d-4ff8-bb3f-1246ec768dac}</UniqueIdentifier>
    </Filter>
    <Filter Include="Fichiers sources\Engine\AudioEngine">
      <UniqueIdentifier>{020f903b-3f2f-4750-ac7f-8995648ff64c}</UniqueIdentifier>
    </Filter>
    <Filter Include="Fichiers sources\Engine\GUI">
      <UniqueIdentifier>{a02f55ef-1fd0-4a0d-8126-82d9e508da3f}</UniqueIdentifier>
    </Filter>
    <Filter Include="Fichiers sources\Engine\RenderingEngine">
      <UniqueIdentifier>{772d8310-3ed3-4b15-941f-ff0b21cecf34}</UniqueIdentifier>
    </Filter>
    <Filter Include="Fichiers d%27en-tête\Engine\DiscreteSimulationEngine">
      <UniqueIdentifier>{a416c67d-f46a-4460-b694-fc6b8ff1c051}</UniqueIdentifier>
    </Filter>
    <Filter Include="Fichiers sources\Engine\DiscreteSimulationEngine">
      <UniqueIdentifier>{fe99073c-bc4b-4aa8-9131-4d3ae9b80779}</UniqueIdentifier>
    </Filter>
    <Filter Include="Fichiers d%27en-tête\Engine\DiscreteSimulationEngine\Objects">
      <UniqueIdentifier>{1e722266-3b5b-481a-87ea-ffa91afcf6c5}</UniqueIdentifier>
    </Filter>
    <Filter Include="Fichiers d%27en-tête\Engine\DiscreteSimulationEngine\Objects\Blender">
      <UniqueIdentifier>{144cb36f-af70-4560-be11-e25600e8d6f5}</UniqueIdentifier>
    </Filter>
    <Filter Include="Fichiers d%27en-tête\Engine\DiscreteSimulationEngine\Objects\OpenGL">
      <UniqueIdentifier>{16fed297-ffac-4f16-9447-e133b5820036}</UniqueIdentifier>
    </Filter>
    <Filter Include="Fichiers sources\Engine\DiscreteSimulationEngine\Objects">
      <UniqueIdentifier>{df63b2d9-4b2c-44e7-9aa9-295d1233b08e}</UniqueIdentifier>
    </Filter>
    <Filter Include="Fichiers sources\Engine\DiscreteSimulationEngine\Objects\Blender">
      <UniqueIdentifier>{772b20d9-7fc6-4e1a-b3e9-6183ed3ff183}</UniqueIdentifier>
    </Filter>
    <Filter Include="Fichiers sources\Engine\DiscreteSimulationEngine\Objects\OpenGL">
      <UniqueIdentifier>{1995ddc9-0e73-4112-b6fd-32ec9acd14e3}</UniqueIdentifier>
    </Filter>
  </ItemGroup>
  <ItemGroup>
    <ClCompile Include="Main.cpp">
      <Filter>Fichiers sources</Filter>
    </ClCompile>
    <ClCompile Include="Engine\PhysicsEngine.cpp">
      <Filter>Fichiers sources\Engine</Filter>
    </ClCompile>
    <ClCompile Include="DataManagementLayer\imgui\imgui.cpp">
      <Filter>Fichiers sources\DataManagementLayer\imgui</Filter>
    </ClCompile>
    <ClCompile Include="DataManagementLayer\imgui\imgui_demo.cpp">
      <Filter>Fichiers sources\DataManagementLayer\imgui</Filter>
    </ClCompile>
    <ClCompile Include="DataManagementLayer\imgui\imgui_draw.cpp">
      <Filter>Fichiers sources\DataManagementLayer\imgui</Filter>
    </ClCompile>
    <ClCompile Include="DataManagementLayer\imgui\imgui_impl_opengl3.cpp">
      <Filter>Fichiers sources\DataManagementLayer\imgui</Filter>
    </ClCompile>
    <ClCompile Include="DataManagementLayer\imgui\imgui_impl_sdl.cpp">
      <Filter>Fichiers sources\DataManagementLayer\imgui</Filter>
    </ClCompile>
    <ClCompile Include="DataManagementLayer\imgui\imgui_tables.cpp">
      <Filter>Fichiers sources\DataManagementLayer\imgui</Filter>
    </ClCompile>
    <ClCompile Include="DataManagementLayer\imgui\imgui_widgets.cpp">
      <Filter>Fichiers sources\DataManagementLayer\imgui</Filter>
    </ClCompile>
    <ClCompile Include="InitializeManagement\ContextManager.cpp">
      <Filter>Fichiers sources\InitializeManagement</Filter>
    </ClCompile>
    <ClCompile Include="InitializeManagement\ErrorHandler.cpp">
      <Filter>Fichiers sources\InitializeManagement</Filter>
    </ClCompile>
    <ClCompile Include="Application.cpp">
      <Filter>Fichiers sources</Filter>
    </ClCompile>
    <ClCompile Include="DataManagementLayer\DataManager.cpp">
      <Filter>Fichiers sources\DataManagementLayer</Filter>
    </ClCompile>
    <ClCompile Include="Engine\State.cpp">
      <Filter>Fichiers sources\Engine</Filter>
    </ClCompile>
    <ClCompile Include="Engine\InputDevices\KeyInput.cpp">
      <Filter>Fichiers sources\Engine\InputDevices</Filter>
    </ClCompile>
    <ClCompile Include="Engine\InputDevices\MouseInput.cpp">
      <Filter>Fichiers sources\Engine\InputDevices</Filter>
    </ClCompile>
    <ClCompile Include="DataManagementLayer\Loader.cpp">
      <Filter>Fichiers sources\DataManagementLayer</Filter>
    </ClCompile>
    <ClCompile Include="Engine\GUI\GUIManager.cpp">
      <Filter>Fichiers sources\Engine\GUI</Filter>
    </ClCompile>
    <ClCompile Include="Engine\GUI\Menu.cpp">
      <Filter>Fichiers sources\Engine\GUI</Filter>
    </ClCompile>
    <ClCompile Include="Engine\GUI\HUD.cpp">
      <Filter>Fichiers sources\Engine\GUI</Filter>
    </ClCompile>
    <ClCompile Include="Engine\EnginesManager.cpp">
      <Filter>Fichiers sources\Engine</Filter>
    </ClCompile>
    <ClCompile Include="Engine\RenderingEngine\SquareRenderer.cpp">
      <Filter>Fichiers sources\Engine\RenderingEngine</Filter>
    </ClCompile>
    <ClCompile Include="Engine\RenderingEngine\SquareTexturedRenderer.cpp">
      <Filter>Fichiers sources\Engine\RenderingEngine</Filter>
    </ClCompile>
    <ClCompile Include="Engine\RenderingEngine\StarRenderer.cpp">
      <Filter>Fichiers sources\Engine\RenderingEngine</Filter>
    </ClCompile>
    <ClCompile Include="Engine\RenderingEngine\PlaneteRenderer.cpp">
      <Filter>Fichiers sources\Engine\RenderingEngine</Filter>
    </ClCompile>
    <ClCompile Include="Engine\RenderingEngine\RingRenderer.cpp">
      <Filter>Fichiers sources\Engine\RenderingEngine</Filter>
    </ClCompile>
    <ClCompile Include="Engine\RenderingEngine\SphereRenderer.cpp">
      <Filter>Fichiers sources\Engine\RenderingEngine</Filter>
    </ClCompile>
    <ClCompile Include="Engine\Framebuffer.cpp">
      <Filter>Fichiers sources\Engine</Filter>
    </ClCompile>
    <ClCompile Include="Engine\DiscreteSimulationEngine\Objects\OpenGL\FlareTexture.cpp">
      <Filter>Fichiers sources\Engine\DiscreteSimulationEngine\Objects\OpenGL</Filter>
    </ClCompile>
    <ClCompile Include="Engine\DiscreteSimulationEngine\Objects\OpenGL\Object.cpp">
      <Filter>Fichiers sources\Engine\DiscreteSimulationEngine\Objects\OpenGL</Filter>
    </ClCompile>
    <ClCompile Include="Engine\DiscreteSimulationEngine\Objects\OpenGL\Planete.cpp">
      <Filter>Fichiers sources\Engine\DiscreteSimulationEngine\Objects\OpenGL</Filter>
    </ClCompile>
    <ClCompile Include="Engine\DiscreteSimulationEngine\Objects\OpenGL\Ring.cpp">
      <Filter>Fichiers sources\Engine\DiscreteSimulationEngine\Objects\OpenGL</Filter>
    </ClCompile>
    <ClCompile Include="Engine\DiscreteSimulationEngine\Objects\OpenGL\Spaceship.cpp">
      <Filter>Fichiers sources\Engine\DiscreteSimulationEngine\Objects\OpenGL</Filter>
    </ClCompile>
    <ClCompile Include="Engine\DiscreteSimulationEngine\Objects\OpenGL\Sphere.cpp">
      <Filter>Fichiers sources\Engine\DiscreteSimulationEngine\Objects\OpenGL</Filter>
    </ClCompile>
    <ClCompile Include="Engine\DiscreteSimulationEngine\Objects\OpenGL\Square.cpp">
      <Filter>Fichiers sources\Engine\DiscreteSimulationEngine\Objects\OpenGL</Filter>
    </ClCompile>
    <ClCompile Include="Engine\DiscreteSimulationEngine\Objects\OpenGL\Star.cpp">
      <Filter>Fichiers sources\Engine\DiscreteSimulationEngine\Objects\OpenGL</Filter>
    </ClCompile>
    <ClCompile Include="Engine\DiscreteSimulationEngine\Objects\Blender\Model.cpp">
      <Filter>Fichiers sources\Engine\DiscreteSimulationEngine\Objects\Blender</Filter>
    </ClCompile>
    <ClCompile Include="Engine\DiscreteSimulationEngine\Objects\Blender\Mesh.cpp">
      <Filter>Fichiers sources\Engine\DiscreteSimulationEngine\Objects\Blender</Filter>
    </ClCompile>
    <ClCompile Include="Engine\DiscreteSimulationEngine\Objects\OpenGL\FlareManager.cpp">
      <Filter>Fichiers sources\Engine\DiscreteSimulationEngine\Objects\OpenGL</Filter>
    </ClCompile>
    <ClCompile Include="Engine\DiscreteSimulationEngine\Objects\OpenGL\AsteroidField.cpp">
      <Filter>Fichiers sources\Engine\DiscreteSimulationEngine\Objects\OpenGL</Filter>
    </ClCompile>
    <ClCompile Include="Engine\DiscreteSimulationEngine\PlanetarySystem.cpp">
      <Filter>Fichiers sources\Engine\DiscreteSimulationEngine</Filter>
    </ClCompile>
    <ClCompile Include="Engine\DiscreteSimulationEngine\SolarSystem.cpp">
      <Filter>Fichiers sources\Engine\DiscreteSimulationEngine</Filter>
    </ClCompile>
    <ClCompile Include="Engine\RenderingEngine\Shader.cpp">
      <Filter>Fichiers sources\Engine\RenderingEngine</Filter>
    </ClCompile>
    <ClCompile Include="Engine\DiscreteSimulationEngine\Skybox.cpp">
      <Filter>Fichiers sources\Engine\DiscreteSimulationEngine</Filter>
    </ClCompile>
    <ClCompile Include="Engine\AudioEngine\Music.cpp">
      <Filter>Fichiers sources\Engine\AudioEngine</Filter>
    </ClCompile>
    <ClCompile Include="Engine\AudioEngine\AmbiantSound.cpp">
      <Filter>Fichiers sources\Engine\AudioEngine</Filter>
    </ClCompile>
  </ItemGroup>
  <ItemGroup>
    <ClInclude Include="resource.h">
      <Filter>Fichiers d%27en-tête</Filter>
    </ClInclude>
    <ClInclude Include="Engine\PhysicsEngine.hpp">
      <Filter>Fichiers d%27en-tête\Engine</Filter>
    </ClInclude>
    <ClInclude Include="DataManagementLayer\imgui\imconfig.h">
      <Filter>Fichiers d%27en-tête\DataManagementLayer\imgui</Filter>
    </ClInclude>
    <ClInclude Include="DataManagementLayer\imgui\imgui.h">
      <Filter>Fichiers d%27en-tête\DataManagementLayer\imgui</Filter>
    </ClInclude>
    <ClInclude Include="DataManagementLayer\imgui\imgui_impl_opengl3.h">
      <Filter>Fichiers d%27en-tête\DataManagementLayer\imgui</Filter>
    </ClInclude>
    <ClInclude Include="DataManagementLayer\imgui\imgui_impl_opengl3_loader.h">
      <Filter>Fichiers d%27en-tête\DataManagementLayer\imgui</Filter>
    </ClInclude>
    <ClInclude Include="DataManagementLayer\imgui\imgui_impl_sdl.h">
      <Filter>Fichiers d%27en-tête\DataManagementLayer\imgui</Filter>
    </ClInclude>
    <ClInclude Include="DataManagementLayer\imgui\imgui_internal.h">
      <Filter>Fichiers d%27en-tête\DataManagementLayer\imgui</Filter>
    </ClInclude>
    <ClInclude Include="DataManagementLayer\imgui\imstb_rectpack.h">
      <Filter>Fichiers d%27en-tête\DataManagementLayer\imgui</Filter>
    </ClInclude>
    <ClInclude Include="DataManagementLayer\imgui\imstb_textedit.h">
      <Filter>Fichiers d%27en-tête\DataManagementLayer\imgui</Filter>
    </ClInclude>
    <ClInclude Include="DataManagementLayer\imgui\imstb_truetype.h">
      <Filter>Fichiers d%27en-tête\DataManagementLayer\imgui</Filter>
    </ClInclude>
    <ClInclude Include="InitializeManagement\ContextManager.hpp">
      <Filter>Fichiers d%27en-tête\InitializeManagement</Filter>
    </ClInclude>
    <ClInclude Include="InitializeManagement\ErrorHandler.hpp">
      <Filter>Fichiers d%27en-tête\InitializeManagement</Filter>
    </ClInclude>
    <ClInclude Include="Application.hpp">
      <Filter>Fichiers d%27en-tête</Filter>
    </ClInclude>
    <ClInclude Include="DataManagementLayer\DataManager.hpp">
      <Filter>Fichiers d%27en-tête\DataManagementLayer</Filter>
    </ClInclude>
    <ClInclude Include="Engine\State.hpp">
      <Filter>Fichiers d%27en-tête\Engine</Filter>
    </ClInclude>
    <ClInclude Include="Engine\InputDevices\InputDevices.hpp">
      <Filter>Fichiers d%27en-tête\Engine</Filter>
    </ClInclude>
    <ClInclude Include="DataManagementLayer\Loader.hpp">
      <Filter>Fichiers d%27en-tête\DataManagementLayer</Filter>
    </ClInclude>
    <ClInclude Include="Engine\GUI\GUIManager.hpp">
      <Filter>Fichiers d%27en-tête\Engine\GUI</Filter>
    </ClInclude>
    <ClInclude Include="Engine\GUI\Menu.hpp">
      <Filter>Fichiers d%27en-tête\Engine\GUI</Filter>
    </ClInclude>
    <ClInclude Include="Engine\GUI\HUD.hpp">
      <Filter>Fichiers d%27en-tête\Engine\GUI</Filter>
    </ClInclude>
    <ClInclude Include="Engine\EnginesManager.hpp">
      <Filter>Fichiers d%27en-tête\Engine</Filter>
    </ClInclude>
    <ClInclude Include="Engine\RenderingEngine\StarRenderer.hpp">
      <Filter>Fichiers d%27en-tête\Engine\RenderingEngine</Filter>
    </ClInclude>
    <ClInclude Include="Engine\RenderingEngine\PlaneteRenderer.hpp">
      <Filter>Fichiers d%27en-tête\Engine\RenderingEngine</Filter>
    </ClInclude>
    <ClInclude Include="Engine\RenderingEngine\Renderer.hpp">
      <Filter>Fichiers d%27en-tête\Engine\RenderingEngine</Filter>
    </ClInclude>
    <ClInclude Include="Engine\RenderingEngine\RingRenderer.hpp">
      <Filter>Fichiers d%27en-tête\Engine\RenderingEngine</Filter>
    </ClInclude>
    <ClInclude Include="Engine\RenderingEngine\SphereRenderer.hpp">
      <Filter>Fichiers d%27en-tête\Engine\RenderingEngine</Filter>
    </ClInclude>
    <ClInclude Include="Engine\RenderingEngine\SquareRenderer.hpp">
      <Filter>Fichiers d%27en-tête\Engine\RenderingEngine</Filter>
    </ClInclude>
    <ClInclude Include="Engine\RenderingEngine\SquareTexturedRenderer.hpp">
      <Filter>Fichiers d%27en-tête\Engine\RenderingEngine</Filter>
    </ClInclude>
    <ClInclude Include="Engine\Framebuffer.hpp">
      <Filter>Fichiers d%27en-tête\Engine</Filter>
    </ClInclude>
    <ClInclude Include="Engine\DiscreteSimulationEngine\Objects\Blender\Model.hpp">
      <Filter>Fichiers d%27en-tête\Engine\DiscreteSimulationEngine\Objects\Blender</Filter>
    </ClInclude>
    <ClInclude Include="Engine\DiscreteSimulationEngine\Objects\Blender\Mesh.hpp">
      <Filter>Fichiers d%27en-tête\Engine\DiscreteSimulationEngine\Objects\Blender</Filter>
    </ClInclude>
    <ClInclude Include="Engine\DiscreteSimulationEngine\Objects\OpenGL\FlareTexture.hpp">
      <Filter>Fichiers d%27en-tête\Engine\DiscreteSimulationEngine\Objects\OpenGL</Filter>
    </ClInclude>
    <ClInclude Include="Engine\DiscreteSimulationEngine\Objects\OpenGL\Object.hpp">
      <Filter>Fichiers d%27en-tête\Engine\DiscreteSimulationEngine\Objects\OpenGL</Filter>
    </ClInclude>
    <ClInclude Include="Engine\DiscreteSimulationEngine\Objects\OpenGL\Planete.hpp">
      <Filter>Fichiers d%27en-tête\Engine\DiscreteSimulationEngine\Objects\OpenGL</Filter>
    </ClInclude>
    <ClInclude Include="Engine\DiscreteSimulationEngine\Objects\OpenGL\Ring.hpp">
      <Filter>Fichiers d%27en-tête\Engine\DiscreteSimulationEngine\Objects\OpenGL</Filter>
    </ClInclude>
    <ClInclude Include="Engine\DiscreteSimulationEngine\Objects\OpenGL\Spaceship.hpp">
      <Filter>Fichiers d%27en-tête\Engine\DiscreteSimulationEngine\Objects\OpenGL</Filter>
    </ClInclude>
    <ClInclude Include="Engine\DiscreteSimulationEngine\Objects\OpenGL\Sphere.hpp">
      <Filter>Fichiers d%27en-tête\Engine\DiscreteSimulationEngine\Objects\OpenGL</Filter>
    </ClInclude>
    <ClInclude Include="Engine\DiscreteSimulationEngine\Objects\OpenGL\Square.hpp">
      <Filter>Fichiers d%27en-tête\Engine\DiscreteSimulationEngine\Objects\OpenGL</Filter>
    </ClInclude>
    <ClInclude Include="Engine\DiscreteSimulationEngine\Objects\OpenGL\Star.hpp">
      <Filter>Fichiers d%27en-tête\Engine\DiscreteSimulationEngine\Objects\OpenGL</Filter>
    </ClInclude>
    <ClInclude Include="Engine\DiscreteSimulationEngine\Objects\OpenGL\FlareManager.hpp">
      <Filter>Fichiers d%27en-tête\Engine\DiscreteSimulationEngine\Objects\OpenGL</Filter>
    </ClInclude>
    <ClInclude Include="Engine\DiscreteSimulationEngine\Objects\OpenGL\AsteroidField.hpp">
      <Filter>Fichiers d%27en-tête\Engine\DiscreteSimulationEngine\Objects\OpenGL</Filter>
    </ClInclude>
    <ClInclude Include="Engine\DiscreteSimulationEngine\PlanetarySystem.hpp">
      <Filter>Fichiers d%27en-tête\Engine\DiscreteSimulationEngine</Filter>
    </ClInclude>
    <ClInclude Include="Engine\DiscreteSimulationEngine\SolarSystem.hpp">
      <Filter>Fichiers d%27en-tête\Engine\DiscreteSimulationEngine</Filter>
    </ClInclude>
    <ClInclude Include="Engine\DiscreteSimulationEngine\SolarSystemCreator.hpp">
      <Filter>Fichiers d%27en-tête\Engine\DiscreteSimulationEngine</Filter>
    </ClInclude>
    <ClInclude Include="Engine\DiscreteSimulationEngine\System.hpp">
      <Filter>Fichiers d%27en-tête\Engine\DiscreteSimulationEngine</Filter>
    </ClInclude>
    <ClInclude Include="Engine\DiscreteSimulationEngine\SystemCreator.hpp">
      <Filter>Fichiers d%27en-tête\Engine\DiscreteSimulationEngine</Filter>
    </ClInclude>
    <ClInclude Include="Engine\DiscreteSimulationEngine\PlanetarySystemCreator.hpp">
      <Filter>Fichiers d%27en-tête\Engine\DiscreteSimulationEngine</Filter>
    </ClInclude>
    <ClInclude Include="Engine\RenderingEngine\Shader.hpp">
      <Filter>Fichiers d%27en-tête\Engine\RenderingEngine</Filter>
    </ClInclude>
    <ClInclude Include="Engine\DiscreteSimulationEngine\Skybox.hpp">
      <Filter>Fichiers d%27en-tête\Engine\DiscreteSimulationEngine</Filter>
    </ClInclude>
    <ClInclude Include="Engine\AudioEngine\AmbiantSound.hpp">
      <Filter>Fichiers d%27en-tête\Engine\AudioEngine</Filter>
    </ClInclude>
    <ClInclude Include="Engine\AudioEngine\Music.hpp">
      <Filter>Fichiers d%27en-tête\Engine\AudioEngine</Filter>
    </ClInclude>
  </ItemGroup>
  <ItemGroup>
    <ResourceCompile Include="Solar-System-2.0.rc">
      <Filter>Fichiers de ressources</Filter>
    </ResourceCompile>
  </ItemGroup>
  <ItemGroup>
    <Image Include="..\..\..\..\Pictures\1.ico">
      <Filter>Fichiers de ressources</Filter>
    </Image>
  </ItemGroup>
</Project>