<?xml version="1.0" encoding="utf-8"?>
<Project ToolsVersion="4.0" xmlns="http://schemas.microsoft.com/developer/msbuild/2003">
  <ItemGroup>
    <Filter Include="Fichiers sources">
      <UniqueIdentifier>{4FC737F1-C7A5-4376-A066-2A32D752A2FF}</UniqueIdentifier>
      <Extensions>cpp;c;cc;cxx;c++;cppm;ixx;def;odl;idl;hpj;bat;asm;asmx</Extensions>
    </Filter>
    <Filter Include="Fichiers d%27en-tête">
      <UniqueIdentifier>{93995380-89BD-4b04-88EB-625FBE52EBFB}</UniqueIdentifier>
      <Extensions>h;hh;hpp;hxx;h++;hm;inl;inc;ipp;xsd</Extensions>
    </Filter>
    <Filter Include="Fichiers de ressources">
      <UniqueIdentifier>{67DA6AB6-F800-4c08-8B7A-83BB121AAD01}</UniqueIdentifier>
      <Extensions>rc;ico;cur;bmp;dlg;rc2;rct;bin;rgs;gif;jpg;jpeg;jpe;resx;tiff;tif;png;wav;mfcribbon-ms</Extensions>
    </Filter>
    <Filter Include="Fichiers d%27en-tête\Engine">
      <UniqueIdentifier>{ef7d7bbb-b70e-49ed-a7d3-7a0d404b5451}</UniqueIdentifier>
    </Filter>
    <Filter Include="Fichiers d%27en-tête\Engine\InputDevices">
      <UniqueIdentifier>{e839e5d2-79f5-4dbe-806d-d5df588d4941}</UniqueIdentifier>
    </Filter>
    <Filter Include="Fichiers sources\Engine">
      <UniqueIdentifier>{5461db00-9de8-46c3-a0d9-6363ed1ec308}</UniqueIdentifier>
    </Filter>
    <Filter Include="Fichiers sources\Engine\InputDevices">
      <UniqueIdentifier>{2c986832-6f28-4f43-bd9d-dc55a5dca270}</UniqueIdentifier>
    </Filter>
    <Filter Include="Fichiers sources\Engine\State">
      <UniqueIdentifier>{f2c300a9-480e-479b-8490-5905725f174d}</UniqueIdentifier>
    </Filter>
    <Filter Include="Fichiers d%27en-tête\Engine\State">
      <UniqueIdentifier>{e3b2856f-0472-4a08-972e-be9af43ce18e}</UniqueIdentifier>
    </Filter>
    <Filter Include="Fichiers d%27en-tête\Engine\State\AudioEngine">
      <UniqueIdentifier>{21c34750-c321-435c-9144-83ed539f1fe2}</UniqueIdentifier>
    </Filter>
    <Filter Include="Fichiers sources\Engine\State\AudioEngine">
      <UniqueIdentifier>{020f903b-3f2f-4750-ac7f-8995648ff64c}</UniqueIdentifier>
    </Filter>
    <Filter Include="Fichiers sources\Engine\State\GUI">
      <UniqueIdentifier>{a02f55ef-1fd0-4a0d-8126-82d9e508da3f}</UniqueIdentifier>
    </Filter>
    <Filter Include="Fichiers d%27en-tête\Engine\State\GUI">
      <UniqueIdentifier>{a8c96a19-5822-40f7-bc3e-7fbebbd68e7c}</UniqueIdentifier>
    </Filter>
    <Filter Include="Fichiers d%27en-tête\Engine\DataManagementLayer">
      <UniqueIdentifier>{e1d9577e-b101-47fd-a999-b5cb78e324f5}</UniqueIdentifier>
    </Filter>
    <Filter Include="Fichiers sources\Engine\DataManagementLayer">
      <UniqueIdentifier>{8cf0d168-5595-4cdd-a2a5-fce23fd5c123}</UniqueIdentifier>
    </Filter>
    <Filter Include="Fichiers d%27en-tête\Engine\DataManagementLayer\Sounds">
      <UniqueIdentifier>{cd48336a-6311-4f5b-b9c0-601f46f32719}</UniqueIdentifier>
    </Filter>
    <Filter Include="Fichiers sources\Engine\DataManagementLayer\Sounds">
      <UniqueIdentifier>{624781ff-8060-4a7c-97c2-0a4244b0c49f}</UniqueIdentifier>
    </Filter>
  </ItemGroup>
  <ItemGroup>
    <ClCompile Include="Main.cpp">
      <Filter>Fichiers sources</Filter>
    </ClCompile>
    <ClCompile Include="Engine\AIEngine.cpp">
      <Filter>Fichiers sources\Engine</Filter>
    </ClCompile>
    <ClCompile Include="Engine\DiscreteSimulation.cpp">
      <Filter>Fichiers sources\Engine</Filter>
    </ClCompile>
    <ClCompile Include="Engine\PhysicsEngine.cpp">
      <Filter>Fichiers sources\Engine</Filter>
    </ClCompile>
    <ClCompile Include="Engine\DataManagementLayer\Sounds\AmbiantSounds.cpp">
      <Filter>Fichiers sources\Engine\DataManagementLayer\Sounds</Filter>
    </ClCompile>
    <ClCompile Include="Engine\DataManagementLayer\Sounds\Musics.cpp">
      <Filter>Fichiers sources\Engine\DataManagementLayer\Sounds</Filter>
    </ClCompile>
  </ItemGroup>
  <ItemGroup>
    <ClInclude Include="resource.h">
      <Filter>Fichiers d%27en-tête</Filter>
    </ClInclude>
    <ClInclude Include="Engine\AIEngine.hpp">
      <Filter>Fichiers d%27en-tête\Engine</Filter>
    </ClInclude>
    <ClInclude Include="Engine\DiscreteSimulation.hpp">
      <Filter>Fichiers d%27en-tête\Engine</Filter>
    </ClInclude>
    <ClInclude Include="Engine\PhysicsEngine.hpp">
      <Filter>Fichiers d%27en-tête\Engine</Filter>
    </ClInclude>
    <ClInclude Include="Engine\DataManagementLayer\Sounds\AmbiantSounds.hpp">
      <Filter>Fichiers d%27en-tête\Engine\DataManagementLayer\Sounds</Filter>
    </ClInclude>
    <ClInclude Include="Engine\DataManagementLayer\Sounds\Musics.hpp">
      <Filter>Fichiers d%27en-tête\Engine\DataManagementLayer\Sounds</Filter>
    </ClInclude>
  </ItemGroup>
  <ItemGroup>
    <ResourceCompile Include="Solar-System-2.0.rc">
      <Filter>Fichiers de ressources</Filter>
    </ResourceCompile>
  </ItemGroup>
  <ItemGroup>
    <Image Include="..\..\..\..\Pictures\1.ico">
      <Filter>Fichiers de ressources</Filter>
    </Image>
  </ItemGroup>
</Project>